
Microsoft Visual Studio Solution File, Format Version 12.00
# Visual Studio Version 17
VisualStudioVersion = 17.10.35004.147
MinimumVisualStudioVersion = 10.0.40219.1
Project("{FAE04EC0-301F-11D3-BF4B-00C04F79EFBC}") = "dynamicIsland", "dynamicIsland\dynamicIsland.csproj", "{D133A341-75BA-4838-A9F8-9B3257257E88}"
EndProject
Global
	GlobalSection(SolutionConfigurationPlatforms) = preSolution
		Debug|Any CPU = Debug|Any CPU
		Release|Any CPU = Release|Any CPU
	EndGlobalSection
	GlobalSection(ProjectConfigurationPlatforms) = postSolution
		{D133A341-75BA-4838-A9F8-9B3257257E88}.Debug|Any CPU.ActiveCfg = Debug|Any CPU
		{D133A341-75BA-4838-A9F8-9B3257257E88}.Debug|Any CPU.Build.0 = Debug|Any CPU
		{D133A341-75BA-4838-A9F8-9B3257257E88}.Release|Any CPU.ActiveCfg = Release|Any CPU
		{D133A341-75BA-4838-A9F8-9B3257257E88}.Release|Any CPU.Build.0 = Release|Any CPU
	EndGlobalSection
	GlobalSection(SolutionProperties) = preSolution
		HideSolutionNode = FALSE
	EndGlobalSection
	GlobalSection(ExtensibilityGlobals) = postSolution
		SolutionGuid = {C09F9B50-9E86-4870-B546-CE0CB604C1DB}
	EndGlobalSection
EndGlobal
